
Microsoft Visual Studio Solution File, Format Version 12.00
# Visual Studio Version 16
VisualStudioVersion = 25.0.1706.7
MinimumVisualStudioVersion = 10.0.40219.1
Project("{FAE04EC0-301F-11D3-BF4B-00C04F79EFBC}") = "homework-d1", "homework-d1\homework-d1.csproj", "{BF624E31-E8F7-4E72-A306-846ADA17ED90}"
EndProject
Global
	GlobalSection(SolutionConfigurationPlatforms) = preSolution
		Debug|Any CPU = Debug|Any CPU
		Release|Any CPU = Release|Any CPU
	EndGlobalSection
	GlobalSection(ProjectConfigurationPlatforms) = postSolution
		{BF624E31-E8F7-4E72-A306-846ADA17ED90}.Debug|Any CPU.ActiveCfg = Debug|Any CPU
		{BF624E31-E8F7-4E72-A306-846ADA17ED90}.Debug|Any CPU.Build.0 = Debug|Any CPU
		{BF624E31-E8F7-4E72-A306-846ADA17ED90}.Release|Any CPU.ActiveCfg = Release|Any CPU
		{BF624E31-E8F7-4E72-A306-846ADA17ED90}.Release|Any CPU.Build.0 = Release|Any CPU
	EndGlobalSection
	GlobalSection(SolutionProperties) = preSolution
		HideSolutionNode = FALSE
	EndGlobalSection
	GlobalSection(ExtensibilityGlobals) = postSolution
		SolutionGuid = {78243352-B3C5-42C8-9363-876E650549A3}
	EndGlobalSection
EndGlobal
